
Microsoft Visual Studio Solution File, Format Version 12.00
# Visual Studio Version 16
VisualStudioVersion = 16.0.31702.278
MinimumVisualStudioVersion = 10.0.40219.1
Project("{FAE04EC0-301F-11D3-BF4B-00C04F79EFBC}") = "Circle_Program", "Circle_Program\Circle_Program.csproj", "{8CFE6A1A-A585-46A9-BEE8-D930A35847B2}"
EndProject
Global
	GlobalSection(SolutionConfigurationPlatforms) = preSolution
		Debug|Any CPU = Debug|Any CPU
		Release|Any CPU = Release|Any CPU
	EndGlobalSection
	GlobalSection(ProjectConfigurationPlatforms) = postSolution
		{8CFE6A1A-A585-46A9-BEE8-D930A35847B2}.Debug|Any CPU.ActiveCfg = Debug|Any CPU
		{8CFE6A1A-A585-46A9-BEE8-D930A35847B2}.Debug|Any CPU.Build.0 = Debug|Any CPU
		{8CFE6A1A-A585-46A9-BEE8-D930A35847B2}.Release|Any CPU.ActiveCfg = Release|Any CPU
		{8CFE6A1A-A585-46A9-BEE8-D930A35847B2}.Release|Any CPU.Build.0 = Release|Any CPU
	EndGlobalSection
	GlobalSection(SolutionProperties) = preSolution
		HideSolutionNode = FALSE
	EndGlobalSection
	GlobalSection(ExtensibilityGlobals) = postSolution
		SolutionGuid = {349C493D-92D7-46EC-8D14-C61E14F8D926}
	EndGlobalSection
EndGlobal
