
Microsoft Visual Studio Solution File, Format Version 12.00
# Visual Studio Version 16
VisualStudioVersion = 16.0.31702.278
MinimumVisualStudioVersion = 10.0.40219.1
Project("{FAE04EC0-301F-11D3-BF4B-00C04F79EFBC}") = "Holiday", "Holiday\Holiday.csproj", "{00211D4D-9C86-4625-932D-4969FA2FC7F4}"
EndProject
Global
	GlobalSection(SolutionConfigurationPlatforms) = preSolution
		Debug|Any CPU = Debug|Any CPU
		Release|Any CPU = Release|Any CPU
	EndGlobalSection
	GlobalSection(ProjectConfigurationPlatforms) = postSolution
		{00211D4D-9C86-4625-932D-4969FA2FC7F4}.Debug|Any CPU.ActiveCfg = Debug|Any CPU
		{00211D4D-9C86-4625-932D-4969FA2FC7F4}.Debug|Any CPU.Build.0 = Debug|Any CPU
		{00211D4D-9C86-4625-932D-4969FA2FC7F4}.Release|Any CPU.ActiveCfg = Release|Any CPU
		{00211D4D-9C86-4625-932D-4969FA2FC7F4}.Release|Any CPU.Build.0 = Release|Any CPU
	EndGlobalSection
	GlobalSection(SolutionProperties) = preSolution
		HideSolutionNode = FALSE
	EndGlobalSection
	GlobalSection(ExtensibilityGlobals) = postSolution
		SolutionGuid = {F6F7753B-7440-434B-BF7E-2E697F8BC398}
	EndGlobalSection
EndGlobal
